
Microsoft Visual Studio Solution File, Format Version 12.00
# Visual Studio 15
VisualStudioVersion = 15.0.26124.0
MinimumVisualStudioVersion = 15.0.26124.0
Project("{2150E333-8FDC-42A3-9474-1A3956D46DE8}") = "src", "src", "{046E435C-DF8D-4B90-A434-40561529FF9B}"
EndProject
Project("{FAE04EC0-301F-11D3-BF4B-00C04F79EFBC}") = "SampleApp.WebApi", "src\SampleApp.WebApi\SampleApp.WebApi.csproj", "{71C46493-49CA-46AD-A235-39098FDB40DF}"
EndProject
Project("{FAE04EC0-301F-11D3-BF4B-00C04F79EFBC}") = "SampleApp.Domain", "src\SampleApp.Domain\SampleApp.Domain.csproj", "{6DE9E2E9-2D9F-470A-A571-AAEFDD240877}"
EndProject
Project("{FAE04EC0-301F-11D3-BF4B-00C04F79EFBC}") = "SampleApp.DI", "src\SampleApp.DI\SampleApp.DI.csproj", "{4AADC72F-31AD-4EF3-8B0E-8BA528CBC17B}"
EndProject
Project("{FAE04EC0-301F-11D3-BF4B-00C04F79EFBC}") = "SampleApp.Data", "src\SampleApp.Data\SampleApp.Data.csproj", "{B83E0B25-884C-4852-8F87-E4ECEF486356}"
EndProject
Global
	GlobalSection(SolutionProperties) = preSolution
		HideSolutionNode = FALSE
	EndGlobalSection
	GlobalSection(SolutionConfigurationPlatforms) = preSolution
		Debug|Any CPU = Debug|Any CPU
		Debug|x64 = Debug|x64
		Debug|x86 = Debug|x86
		Release|Any CPU = Release|Any CPU
		Release|x64 = Release|x64
		Release|x86 = Release|x86
	EndGlobalSection
	GlobalSection(ProjectConfigurationPlatforms) = postSolution
		{71C46493-49CA-46AD-A235-39098FDB40DF}.Debug|Any CPU.ActiveCfg = Debug|Any CPU
		{71C46493-49CA-46AD-A235-39098FDB40DF}.Debug|Any CPU.Build.0 = Debug|Any CPU
		{71C46493-49CA-46AD-A235-39098FDB40DF}.Debug|x64.ActiveCfg = Debug|Any CPU
		{71C46493-49CA-46AD-A235-39098FDB40DF}.Debug|x64.Build.0 = Debug|Any CPU
		{71C46493-49CA-46AD-A235-39098FDB40DF}.Debug|x86.ActiveCfg = Debug|Any CPU
		{71C46493-49CA-46AD-A235-39098FDB40DF}.Debug|x86.Build.0 = Debug|Any CPU
		{71C46493-49CA-46AD-A235-39098FDB40DF}.Release|Any CPU.ActiveCfg = Release|Any CPU
		{71C46493-49CA-46AD-A235-39098FDB40DF}.Release|Any CPU.Build.0 = Release|Any CPU
		{71C46493-49CA-46AD-A235-39098FDB40DF}.Release|x64.ActiveCfg = Release|Any CPU
		{71C46493-49CA-46AD-A235-39098FDB40DF}.Release|x64.Build.0 = Release|Any CPU
		{71C46493-49CA-46AD-A235-39098FDB40DF}.Release|x86.ActiveCfg = Release|Any CPU
		{71C46493-49CA-46AD-A235-39098FDB40DF}.Release|x86.Build.0 = Release|Any CPU
		{6DE9E2E9-2D9F-470A-A571-AAEFDD240877}.Debug|Any CPU.ActiveCfg = Debug|Any CPU
		{6DE9E2E9-2D9F-470A-A571-AAEFDD240877}.Debug|Any CPU.Build.0 = Debug|Any CPU
		{6DE9E2E9-2D9F-470A-A571-AAEFDD240877}.Debug|x64.ActiveCfg = Debug|Any CPU
		{6DE9E2E9-2D9F-470A-A571-AAEFDD240877}.Debug|x64.Build.0 = Debug|Any CPU
		{6DE9E2E9-2D9F-470A-A571-AAEFDD240877}.Debug|x86.ActiveCfg = Debug|Any CPU
		{6DE9E2E9-2D9F-470A-A571-AAEFDD240877}.Debug|x86.Build.0 = Debug|Any CPU
		{6DE9E2E9-2D9F-470A-A571-AAEFDD240877}.Release|Any CPU.ActiveCfg = Release|Any CPU
		{6DE9E2E9-2D9F-470A-A571-AAEFDD240877}.Release|Any CPU.Build.0 = Release|Any CPU
		{6DE9E2E9-2D9F-470A-A571-AAEFDD240877}.Release|x64.ActiveCfg = Release|Any CPU
		{6DE9E2E9-2D9F-470A-A571-AAEFDD240877}.Release|x64.Build.0 = Release|Any CPU
		{6DE9E2E9-2D9F-470A-A571-AAEFDD240877}.Release|x86.ActiveCfg = Release|Any CPU
		{6DE9E2E9-2D9F-470A-A571-AAEFDD240877}.Release|x86.Build.0 = Release|Any CPU
		{4AADC72F-31AD-4EF3-8B0E-8BA528CBC17B}.Debug|Any CPU.ActiveCfg = Debug|Any CPU
		{4AADC72F-31AD-4EF3-8B0E-8BA528CBC17B}.Debug|Any CPU.Build.0 = Debug|Any CPU
		{4AADC72F-31AD-4EF3-8B0E-8BA528CBC17B}.Debug|x64.ActiveCfg = Debug|Any CPU
		{4AADC72F-31AD-4EF3-8B0E-8BA528CBC17B}.Debug|x64.Build.0 = Debug|Any CPU
		{4AADC72F-31AD-4EF3-8B0E-8BA528CBC17B}.Debug|x86.ActiveCfg = Debug|Any CPU
		{4AADC72F-31AD-4EF3-8B0E-8BA528CBC17B}.Debug|x86.Build.0 = Debug|Any CPU
		{4AADC72F-31AD-4EF3-8B0E-8BA528CBC17B}.Release|Any CPU.ActiveCfg = Release|Any CPU
		{4AADC72F-31AD-4EF3-8B0E-8BA528CBC17B}.Release|Any CPU.Build.0 = Release|Any CPU
		{4AADC72F-31AD-4EF3-8B0E-8BA528CBC17B}.Release|x64.ActiveCfg = Release|Any CPU
		{4AADC72F-31AD-4EF3-8B0E-8BA528CBC17B}.Release|x64.Build.0 = Release|Any CPU
		{4AADC72F-31AD-4EF3-8B0E-8BA528CBC17B}.Release|x86.ActiveCfg = Release|Any CPU
		{4AADC72F-31AD-4EF3-8B0E-8BA528CBC17B}.Release|x86.Build.0 = Release|Any CPU
		{B83E0B25-884C-4852-8F87-E4ECEF486356}.Debug|Any CPU.ActiveCfg = Debug|Any CPU
		{B83E0B25-884C-4852-8F87-E4ECEF486356}.Debug|Any CPU.Build.0 = Debug|Any CPU
		{B83E0B25-884C-4852-8F87-E4ECEF486356}.Debug|x64.ActiveCfg = Debug|Any CPU
		{B83E0B25-884C-4852-8F87-E4ECEF486356}.Debug|x64.Build.0 = Debug|Any CPU
		{B83E0B25-884C-4852-8F87-E4ECEF486356}.Debug|x86.ActiveCfg = Debug|Any CPU
		{B83E0B25-884C-4852-8F87-E4ECEF486356}.Debug|x86.Build.0 = Debug|Any CPU
		{B83E0B25-884C-4852-8F87-E4ECEF486356}.Release|Any CPU.ActiveCfg = Release|Any CPU
		{B83E0B25-884C-4852-8F87-E4ECEF486356}.Release|Any CPU.Build.0 = Release|Any CPU
		{B83E0B25-884C-4852-8F87-E4ECEF486356}.Release|x64.ActiveCfg = Release|Any CPU
		{B83E0B25-884C-4852-8F87-E4ECEF486356}.Release|x64.Build.0 = Release|Any CPU
		{B83E0B25-884C-4852-8F87-E4ECEF486356}.Release|x86.ActiveCfg = Release|Any CPU
		{B83E0B25-884C-4852-8F87-E4ECEF486356}.Release|x86.Build.0 = Release|Any CPU
	EndGlobalSection
	GlobalSection(NestedProjects) = preSolution
		{71C46493-49CA-46AD-A235-39098FDB40DF} = {046E435C-DF8D-4B90-A434-40561529FF9B}
		{6DE9E2E9-2D9F-470A-A571-AAEFDD240877} = {046E435C-DF8D-4B90-A434-40561529FF9B}
		{4AADC72F-31AD-4EF3-8B0E-8BA528CBC17B} = {046E435C-DF8D-4B90-A434-40561529FF9B}
		{B83E0B25-884C-4852-8F87-E4ECEF486356} = {046E435C-DF8D-4B90-A434-40561529FF9B}
	EndGlobalSection
EndGlobal
